
Microsoft Visual Studio Solution File, Format Version 12.00
# Visual Studio 15
VisualStudioVersion = 15.0.28307.705
MinimumVisualStudioVersion = 10.0.40219.1
Project("{E24C65DC-7377-472B-9ABA-BC803B73C61A}") = "CreditCardWS", "CreditCardWS\", "{FCEB33D1-D5BE-4D09-9F3F-1E1AA0D7812A}"
	ProjectSection(WebsiteProperties) = preProject
		TargetFrameworkMoniker = ".NETFramework,Version%3Dv4.6.1"
		Debug.AspNetCompiler.VirtualPath = "/localhost_59052"
		Debug.AspNetCompiler.PhysicalPath = "CreditCardWS\"
		Debug.AspNetCompiler.TargetPath = "PrecompiledWeb\localhost_59052\"
		Debug.AspNetCompiler.Updateable = "true"
		Debug.AspNetCompiler.ForceOverwrite = "true"
		Debug.AspNetCompiler.FixedNames = "false"
		Debug.AspNetCompiler.Debug = "True"
		Release.AspNetCompiler.VirtualPath = "/localhost_59052"
		Release.AspNetCompiler.PhysicalPath = "CreditCardWS\"
		Release.AspNetCompiler.TargetPath = "PrecompiledWeb\localhost_59052\"
		Release.AspNetCompiler.Updateable = "true"
		Release.AspNetCompiler.ForceOverwrite = "true"
		Release.AspNetCompiler.FixedNames = "false"
		Release.AspNetCompiler.Debug = "False"
		VWDPort = "59052"
		SlnRelativePath = "CreditCardWS\"
		DefaultWebSiteLanguage = "Visual C#"
	EndProjectSection
EndProject
Global
	GlobalSection(SolutionConfigurationPlatforms) = preSolution
		Debug|Any CPU = Debug|Any CPU
	EndGlobalSection
	GlobalSection(ProjectConfigurationPlatforms) = postSolution
		{FCEB33D1-D5BE-4D09-9F3F-1E1AA0D7812A}.Debug|Any CPU.ActiveCfg = Debug|Any CPU
		{FCEB33D1-D5BE-4D09-9F3F-1E1AA0D7812A}.Debug|Any CPU.Build.0 = Debug|Any CPU
	EndGlobalSection
	GlobalSection(SolutionProperties) = preSolution
		HideSolutionNode = FALSE
	EndGlobalSection
	GlobalSection(ExtensibilityGlobals) = postSolution
		SolutionGuid = {32BF41EC-DA8E-4F45-B773-11365469AB7B}
	EndGlobalSection
EndGlobal
